
Microsoft Visual Studio Solution File, Format Version 12.00
# Visual Studio Version 16
VisualStudioVersion = 16.0.30001.183
MinimumVisualStudioVersion = 10.0.40219.1
Project("{9A19103F-16F7-4668-BE54-9A1E7A4F7556}") = "Ksiegarnia", "Ksiegarnia\Ksiegarnia.csproj", "{DA35757C-A5C5-4CD5-9C5B-376BA60D57B7}"
EndProject
Project("{FAE04EC0-301F-11D3-BF4B-00C04F79EFBC}") = "Dokumentacja", "Dokumentacja\Dokumentacja.csproj", "{1CCFE2B5-80FD-4A0F-9360-7090114CBFDA}"
EndProject
Project("{FAE04EC0-301F-11D3-BF4B-00C04F79EFBC}") = "Ksiegarnia.DataAccess", "Ksiegarnia.DataAccess\Ksiegarnia.DataAccess.csproj", "{DCCA3F72-BF42-4A0F-88CE-781C6EDA506F}"
EndProject
Project("{FAE04EC0-301F-11D3-BF4B-00C04F79EFBC}") = "Ksiegarnia.Models", "Ksiegarnia.Models\Ksiegarnia.Models.csproj", "{71C35ACD-A7A6-4B5C-A1AC-0F3867082AC3}"
EndProject
Project("{FAE04EC0-301F-11D3-BF4B-00C04F79EFBC}") = "Ksiegarnia.Utility", "Ksiegarnia.Utility\Ksiegarnia.Utility.csproj", "{55A41524-6FB9-4710-9BB9-06C5D9FC0039}"
EndProject
Global
	GlobalSection(SolutionConfigurationPlatforms) = preSolution
		Debug|Any CPU = Debug|Any CPU
		Release|Any CPU = Release|Any CPU
	EndGlobalSection
	GlobalSection(ProjectConfigurationPlatforms) = postSolution
		{DA35757C-A5C5-4CD5-9C5B-376BA60D57B7}.Debug|Any CPU.ActiveCfg = Debug|Any CPU
		{DA35757C-A5C5-4CD5-9C5B-376BA60D57B7}.Debug|Any CPU.Build.0 = Debug|Any CPU
		{DA35757C-A5C5-4CD5-9C5B-376BA60D57B7}.Release|Any CPU.ActiveCfg = Release|Any CPU
		{DA35757C-A5C5-4CD5-9C5B-376BA60D57B7}.Release|Any CPU.Build.0 = Release|Any CPU
		{1CCFE2B5-80FD-4A0F-9360-7090114CBFDA}.Debug|Any CPU.ActiveCfg = Debug|Any CPU
		{1CCFE2B5-80FD-4A0F-9360-7090114CBFDA}.Debug|Any CPU.Build.0 = Debug|Any CPU
		{1CCFE2B5-80FD-4A0F-9360-7090114CBFDA}.Release|Any CPU.ActiveCfg = Release|Any CPU
		{1CCFE2B5-80FD-4A0F-9360-7090114CBFDA}.Release|Any CPU.Build.0 = Release|Any CPU
		{DCCA3F72-BF42-4A0F-88CE-781C6EDA506F}.Debug|Any CPU.ActiveCfg = Debug|Any CPU
		{DCCA3F72-BF42-4A0F-88CE-781C6EDA506F}.Debug|Any CPU.Build.0 = Debug|Any CPU
		{DCCA3F72-BF42-4A0F-88CE-781C6EDA506F}.Release|Any CPU.ActiveCfg = Release|Any CPU
		{DCCA3F72-BF42-4A0F-88CE-781C6EDA506F}.Release|Any CPU.Build.0 = Release|Any CPU
		{71C35ACD-A7A6-4B5C-A1AC-0F3867082AC3}.Debug|Any CPU.ActiveCfg = Debug|Any CPU
		{71C35ACD-A7A6-4B5C-A1AC-0F3867082AC3}.Debug|Any CPU.Build.0 = Debug|Any CPU
		{71C35ACD-A7A6-4B5C-A1AC-0F3867082AC3}.Release|Any CPU.ActiveCfg = Release|Any CPU
		{71C35ACD-A7A6-4B5C-A1AC-0F3867082AC3}.Release|Any CPU.Build.0 = Release|Any CPU
		{55A41524-6FB9-4710-9BB9-06C5D9FC0039}.Debug|Any CPU.ActiveCfg = Debug|Any CPU
		{55A41524-6FB9-4710-9BB9-06C5D9FC0039}.Debug|Any CPU.Build.0 = Debug|Any CPU
		{55A41524-6FB9-4710-9BB9-06C5D9FC0039}.Release|Any CPU.ActiveCfg = Release|Any CPU
		{55A41524-6FB9-4710-9BB9-06C5D9FC0039}.Release|Any CPU.Build.0 = Release|Any CPU
	EndGlobalSection
	GlobalSection(SolutionProperties) = preSolution
		HideSolutionNode = FALSE
	EndGlobalSection
	GlobalSection(ExtensibilityGlobals) = postSolution
		SolutionGuid = {0C446335-76A0-474A-B7D8-9E05ABB9D1BA}
	EndGlobalSection
EndGlobal
